
Microsoft Visual Studio Solution File, Format Version 12.00
# Visual Studio 14
VisualStudioVersion = 14.0.23107.0
MinimumVisualStudioVersion = 10.0.40219.1
Project("{FAE04EC0-301F-11D3-BF4B-00C04F79EFBC}") = "OriginalTrack", "OriginalTrack\OriginalTrack.csproj", "{EE2801F3-E3DF-4931-8FEE-B85CE83D7D22}"
EndProject
Project("{2150E333-8FDC-42A3-9474-1A3956D46DE8}") = "PublishScripts", "PublishScripts", "{CD730FA0-546F-483C-98FE-DB337C307314}"
	ProjectSection(SolutionItems) = preProject
		PublishScripts\AzureVMPublishModule.psm1 = PublishScripts\AzureVMPublishModule.psm1
		PublishScripts\Publish-WebApplicationVM.ps1 = PublishScripts\Publish-WebApplicationVM.ps1
	EndProjectSection
EndProject
Project("{2150E333-8FDC-42A3-9474-1A3956D46DE8}") = "Configurations", "Configurations", "{6D8B149B-A600-4E53-99F9-518689306A16}"
	ProjectSection(SolutionItems) = preProject
		PublishScripts\Configurations\OriginalTrack-WAWS-dev.json = PublishScripts\Configurations\OriginalTrack-WAWS-dev.json
	EndProjectSection
EndProject
Global
	GlobalSection(SolutionConfigurationPlatforms) = preSolution
		Debug|Any CPU = Debug|Any CPU
		Release|Any CPU = Release|Any CPU
	EndGlobalSection
	GlobalSection(ProjectConfigurationPlatforms) = postSolution
		{EE2801F3-E3DF-4931-8FEE-B85CE83D7D22}.Debug|Any CPU.ActiveCfg = Debug|Any CPU
		{EE2801F3-E3DF-4931-8FEE-B85CE83D7D22}.Debug|Any CPU.Build.0 = Debug|Any CPU
		{EE2801F3-E3DF-4931-8FEE-B85CE83D7D22}.Release|Any CPU.ActiveCfg = Release|Any CPU
		{EE2801F3-E3DF-4931-8FEE-B85CE83D7D22}.Release|Any CPU.Build.0 = Release|Any CPU
	EndGlobalSection
	GlobalSection(SolutionProperties) = preSolution
		HideSolutionNode = FALSE
	EndGlobalSection
	GlobalSection(NestedProjects) = preSolution
		{6D8B149B-A600-4E53-99F9-518689306A16} = {CD730FA0-546F-483C-98FE-DB337C307314}
	EndGlobalSection
EndGlobal
